// !$*UTF8*$!
{
	archiveVersion = 1;
	classes = {
	};
	objectVersion = 46;
	objects = {

/* Begin PBXBuildFile section */
		96F46AEE1D963EDB00E89A70 /* AppDelegate.swift in Sources */ = {isa = PBXBuildFile; fileRef = 96F46AED1D963EDB00E89A70 /* AppDelegate.swift */; };
		96F46AF01D963EDB00E89A70 /* ViewController.swift in Sources */ = {isa = PBXBuildFile; fileRef = 96F46AEF1D963EDB00E89A70 /* ViewController.swift */; };
		96F46AF31D963EDB00E89A70 /* Main.storyboard in Resources */ = {isa = PBXBuildFile; fileRef = 96F46AF11D963EDB00E89A70 /* Main.storyboard */; };
		96F46AF61D963EDB00E89A70 /* HealthRU.xcdatamodeld in Sources */ = {isa = PBXBuildFile; fileRef = 96F46AF41D963EDB00E89A70 /* HealthRU.xcdatamodeld */; };
		96F46AF81D963EDC00E89A70 /* Assets.xcassets in Resources */ = {isa = PBXBuildFile; fileRef = 96F46AF71D963EDC00E89A70 /* Assets.xcassets */; };
		96F46AFB1D963EDC00E89A70 /* LaunchScreen.storyboard in Resources */ = {isa = PBXBuildFile; fileRef = 96F46AF91D963EDC00E89A70 /* LaunchScreen.storyboard */; };
		96F46B061D963EDC00E89A70 /* HealthRUTests.swift in Sources */ = {isa = PBXBuildFile; fileRef = 96F46B051D963EDC00E89A70 /* HealthRUTests.swift */; };
		96F46B111D963EDC00E89A70 /* HealthRUUITests.swift in Sources */ = {isa = PBXBuildFile; fileRef = 96F46B101D963EDC00E89A70 /* HealthRUUITests.swift */; };
/* End PBXBuildFile section */

/* Begin PBXContainerItemProxy section */
		96F46B021D963EDC00E89A70 /* PBXContainerItemProxy */ = {
			isa = PBXContainerItemProxy;
			containerPortal = 96F46AE21D963EDB00E89A70 /* Project object */;
			proxyType = 1;
			remoteGlobalIDString = 96F46AE91D963EDB00E89A70;
			remoteInfo = HealthRU;
		};
		96F46B0D1D963EDC00E89A70 /* PBXContainerItemProxy */ = {
			isa = PBXContainerItemProxy;
			containerPortal = 96F46AE21D963EDB00E89A70 /* Project object */;
			proxyType = 1;
			remoteGlobalIDString = 96F46AE91D963EDB00E89A70;
			remoteInfo = HealthRU;
		};
/* End PBXContainerItemProxy section */

/* Begin PBXFileReference section */
		96F46AEA1D963EDB00E89A70 /* HealthRU.app */ = {isa = PBXFileReference; explicitFileType = wrapper.application; includeInIndex = 0; path = HealthRU.app; sourceTree = BUILT_PRODUCTS_DIR; };
		96F46AED1D963EDB00E89A70 /* AppDelegate.swift */ = {isa = PBXFileReference; lastKnownFileType = sourcecode.swift; path = AppDelegate.swift; sourceTree = "<group>"; };
		96F46AEF1D963EDB00E89A70 /* ViewController.swift */ = {isa = PBXFileReference; lastKnownFileType = sourcecode.swift; path = ViewController.swift; sourceTree = "<group>"; };
		96F46AF21D963EDB00E89A70 /* Base */ = {isa = PBXFileReference; lastKnownFileType = file.storyboard; name = Base; path = Base.lproj/Main.storyboard; sourceTree = "<group>"; };
		96F46AF51D963EDB00E89A70 /* HealthRU.xcdatamodel */ = {isa = PBXFileReference; lastKnownFileType = wrapper.xcdatamodel; path = HealthRU.xcdatamodel; sourceTree = "<group>"; };
		96F46AF71D963EDC00E89A70 /* Assets.xcassets */ = {isa = PBXFileReference; lastKnownFileType = folder.assetcatalog; path = Assets.xcassets; sourceTree = "<group>"; };
		96F46AFA1D963EDC00E89A70 /* Base */ = {isa = PBXFileReference; lastKnownFileType = file.storyboard; name = Base; path = Base.lproj/LaunchScreen.storyboard; sourceTree = "<group>"; };
		96F46AFC1D963EDC00E89A70 /* Info.plist */ = {isa = PBXFileReference; lastKnownFileType = text.plist.xml; path = Info.plist; sourceTree = "<group>"; };
		96F46B011D963EDC00E89A70 /* HealthRUTests.xctest */ = {isa = PBXFileReference; explicitFileType = wrapper.cfbundle; includeInIndex = 0; path = HealthRUTests.xctest; sourceTree = BUILT_PRODUCTS_DIR; };
		96F46B051D963EDC00E89A70 /* HealthRUTests.swift */ = {isa = PBXFileReference; lastKnownFileType = sourcecode.swift; path = HealthRUTests.swift; sourceTree = "<group>"; };
		96F46B071D963EDC00E89A70 /* Info.plist */ = {isa = PBXFileReference; lastKnownFileType = text.plist.xml; path = Info.plist; sourceTree = "<group>"; };
		96F46B0C1D963EDC00E89A70 /* HealthRUUITests.xctest */ = {isa = PBXFileReference; explicitFileType = wrapper.cfbundle; includeInIndex = 0; path = HealthRUUITests.xctest; sourceTree = BUILT_PRODUCTS_DIR; };
		96F46B101D963EDC00E89A70 /* HealthRUUITests.swift */ = {isa = PBXFileReference; lastKnownFileType = sourcecode.swift; path = HealthRUUITests.swift; sourceTree = "<group>"; };
		96F46B121D963EDC00E89A70 /* Info.plist */ = {isa = PBXFileReference; lastKnownFileType = text.plist.xml; path = Info.plist; sourceTree = "<group>"; };
/* End PBXFileReference section */

/* Begin PBXFrameworksBuildPhase section */
		96F46AE71D963EDB00E89A70 /* Frameworks */ = {
			isa = PBXFrameworksBuildPhase;
			buildActionMask = 2147483647;
			files = (
			);
			runOnlyForDeploymentPostprocessing = 0;
		};
		96F46AFE1D963EDC00E89A70 /* Frameworks */ = {
			isa = PBXFrameworksBuildPhase;
			buildActionMask = 2147483647;
			files = (
			);
			runOnlyForDeploymentPostprocessing = 0;
		};
		96F46B091D963EDC00E89A70 /* Frameworks */ = {
			isa = PBXFrameworksBuildPhase;
			buildActionMask = 2147483647;
			files = (
			);
			runOnlyForDeploymentPostprocessing = 0;
		};
/* End PBXFrameworksBuildPhase section */

/* Begin PBXGroup section */
		96F46AE11D963EDB00E89A70 = {
			isa = PBXGroup;
			children = (
				96F46AEC1D963EDB00E89A70 /* HealthRU */,
				96F46B041D963EDC00E89A70 /* HealthRUTests */,
				96F46B0F1D963EDC00E89A70 /* HealthRUUITests */,
				96F46AEB1D963EDB00E89A70 /* Products */,
			);
			sourceTree = "<group>";
		};
		96F46AEB1D963EDB00E89A70 /* Products */ = {
			isa = PBXGroup;
			children = (
				96F46AEA1D963EDB00E89A70 /* HealthRU.app */,
				96F46B011D963EDC00E89A70 /* HealthRUTests.xctest */,
				96F46B0C1D963EDC00E89A70 /* HealthRUUITests.xctest */,
			);
			name = Products;
			sourceTree = "<group>";
		};
		96F46AEC1D963EDB00E89A70 /* HealthRU */ = {
			isa = PBXGroup;
			children = (
				96F46AED1D963EDB00E89A70 /* AppDelegate.swift */,
				96F46AEF1D963EDB00E89A70 /* ViewController.swift */,
				96F46AF11D963EDB00E89A70 /* Main.storyboard */,
				96F46AF71D963EDC00E89A70 /* Assets.xcassets */,
				96F46AF91D963EDC00E89A70 /* LaunchScreen.storyboard */,
				96F46AFC1D963EDC00E89A70 /* Info.plist */,
				96F46AF41D963EDB00E89A70 /* HealthRU.xcdatamodeld */,
			);
			path = HealthRU;
			sourceTree = "<group>";
		};
		96F46B041D963EDC00E89A70 /* HealthRUTests */ = {
			isa = PBXGroup;
			children = (
				96F46B051D963EDC00E89A70 /* HealthRUTests.swift */,
				96F46B071D963EDC00E89A70 /* Info.plist */,
			);
			path = HealthRUTests;
			sourceTree = "<group>";
		};
		96F46B0F1D963EDC00E89A70 /* HealthRUUITests */ = {
			isa = PBXGroup;
			children = (
				96F46B101D963EDC00E89A70 /* HealthRUUITests.swift */,
				96F46B121D963EDC00E89A70 /* Info.plist */,
			);
			path = HealthRUUITests;
			sourceTree = "<group>";
		};
/* End PBXGroup section */

/* Begin PBXNativeTarget section */
		96F46AE91D963EDB00E89A70 /* HealthRU */ = {
			isa = PBXNativeTarget;
			buildConfigurationList = 96F46B151D963EDC00E89A70 /* Build configuration list for PBXNativeTarget "HealthRU" */;
			buildPhases = (
				96F46AE61D963EDB00E89A70 /* Sources */,
				96F46AE71D963EDB00E89A70 /* Frameworks */,
				96F46AE81D963EDB00E89A70 /* Resources */,
			);
			buildRules = (
			);
			dependencies = (
			);
			name = HealthRU;
			productName = HealthRU;
			productReference = 96F46AEA1D963EDB00E89A70 /* HealthRU.app */;
			productType = "com.apple.product-type.application";
		};
		96F46B001D963EDC00E89A70 /* HealthRUTests */ = {
			isa = PBXNativeTarget;
			buildConfigurationList = 96F46B181D963EDC00E89A70 /* Build configuration list for PBXNativeTarget "HealthRUTests" */;
			buildPhases = (
				96F46AFD1D963EDC00E89A70 /* Sources */,
				96F46AFE1D963EDC00E89A70 /* Frameworks */,
				96F46AFF1D963EDC00E89A70 /* Resources */,
			);
			buildRules = (
			);
			dependencies = (
				96F46B031D963EDC00E89A70 /* PBXTargetDependency */,
			);
			name = HealthRUTests;
			productName = HealthRUTests;
			productReference = 96F46B011D963EDC00E89A70 /* HealthRUTests.xctest */;
			productType = "com.apple.product-type.bundle.unit-test";
		};
		96F46B0B1D963EDC00E89A70 /* HealthRUUITests */ = {
			isa = PBXNativeTarget;
			buildConfigurationList = 96F46B1B1D963EDC00E89A70 /* Build configuration list for PBXNativeTarget "HealthRUUITests" */;
			buildPhases = (
				96F46B081D963EDC00E89A70 /* Sources */,
				96F46B091D963EDC00E89A70 /* Frameworks */,
				96F46B0A1D963EDC00E89A70 /* Resources */,
			);
			buildRules = (
			);
			dependencies = (
				96F46B0E1D963EDC00E89A70 /* PBXTargetDependency */,
			);
			name = HealthRUUITests;
			productName = HealthRUUITests;
			productReference = 96F46B0C1D963EDC00E89A70 /* HealthRUUITests.xctest */;
			productType = "com.apple.product-type.bundle.ui-testing";
		};
/* End PBXNativeTarget section */

/* Begin PBXProject section */
		96F46AE21D963EDB00E89A70 /* Project object */ = {
			isa = PBXProject;
			attributes = {
				LastSwiftUpdateCheck = 0730;
				LastUpgradeCheck = 0730;
				ORGANIZATIONNAME = "Qasim Abbas";
				TargetAttributes = {
					96F46AE91D963EDB00E89A70 = {
						CreatedOnToolsVersion = 7.3;
					};
					96F46B001D963EDC00E89A70 = {
						CreatedOnToolsVersion = 7.3;
						TestTargetID = 96F46AE91D963EDB00E89A70;
					};
					96F46B0B1D963EDC00E89A70 = {
						CreatedOnToolsVersion = 7.3;
						TestTargetID = 96F46AE91D963EDB00E89A70;
					};
				};
			};
			buildConfigurationList = 96F46AE51D963EDB00E89A70 /* Build configuration list for PBXProject "HealthRU" */;
			compatibilityVersion = "Xcode 3.2";
			developmentRegion = English;
			hasScannedForEncodings = 0;
			knownRegions = (
				en,
				Base,
			);
			mainGroup = 96F46AE11D963EDB00E89A70;
			productRefGroup = 96F46AEB1D963EDB00E89A70 /* Products */;
			projectDirPath = "";
			projectRoot = "";
			targets = (
				96F46AE91D963EDB00E89A70 /* HealthRU */,
				96F46B001D963EDC00E89A70 /* HealthRUTests */,
				96F46B0B1D963EDC00E89A70 /* HealthRUUITests */,
			);
		};
/* End PBXProject section */

/* Begin PBXResourcesBuildPhase section */
		96F46AE81D963EDB00E89A70 /* Resources */ = {
			isa = PBXResourcesBuildPhase;
			buildActionMask = 2147483647;
			files = (
				96F46AFB1D963EDC00E89A70 /* LaunchScreen.storyboard in Resources */,
				96F46AF81D963EDC00E89A70 /* Assets.xcassets in Resources */,
				96F46AF31D963EDB00E89A70 /* Main.storyboard in Resources */,
			);
			runOnlyForDeploymentPostprocessing = 0;
		};
		96F46AFF1D963EDC00E89A70 /* Resources */ = {
			isa = PBXResourcesBuildPhase;
			buildActionMask = 2147483647;
			files = (
			);
			runOnlyForDeploymentPostprocessing = 0;
		};
		96F46B0A1D963EDC00E89A70 /* Resources */ = {
			isa = PBXResourcesBuildPhase;
			buildActionMask = 2147483647;
			files = (
			);
			runOnlyForDeploymentPostprocessing = 0;
		};
/* End PBXResourcesBuildPhase section */

/* Begin PBXSourcesBuildPhase section */
		96F46AE61D963EDB00E89A70 /* Sources */ = {
			isa = PBXSourcesBuildPhase;
			buildActionMask = 2147483647;
			files = (
				96F46AF01D963EDB00E89A70 /* ViewController.swift in Sources */,
				96F46AEE1D963EDB00E89A70 /* AppDelegate.swift in Sources */,
				96F46AF61D963EDB00E89A70 /* HealthRU.xcdatamodeld in Sources */,
			);
			runOnlyForDeploymentPostprocessing = 0;
		};
		96F46AFD1D963EDC00E89A70 /* Sources */ = {
			isa = PBXSourcesBuildPhase;
			buildActionMask = 2147483647;
			files = (
				96F46B061D963EDC00E89A70 /* HealthRUTests.swift in Sources */,
			);
			runOnlyForDeploymentPostprocessing = 0;
		};
		96F46B081D963EDC00E89A70 /* Sources */ = {
			isa = PBXSourcesBuildPhase;
			buildActionMask = 2147483647;
			files = (
				96F46B111D963EDC00E89A70 /* HealthRUUITests.swift in Sources */,
			);
			runOnlyForDeploymentPostprocessing = 0;
		};
/* End PBXSourcesBuildPhase section */

/* Begin PBXTargetDependency section */
		96F46B031D963EDC00E89A70 /* PBXTargetDependency */ = {
			isa = PBXTargetDependency;
			target = 96F46AE91D963EDB00E89A70 /* HealthRU */;
			targetProxy = 96F46B021D963EDC00E89A70 /* PBXContainerItemProxy */;
		};
		96F46B0E1D963EDC00E89A70 /* PBXTargetDependency */ = {
			isa = PBXTargetDependency;
			target = 96F46AE91D963EDB00E89A70 /* HealthRU */;
			targetProxy = 96F46B0D1D963EDC00E89A70 /* PBXContainerItemProxy */;
		};
/* End PBXTargetDependency section */

/* Begin PBXVariantGroup section */
		96F46AF11D963EDB00E89A70 /* Main.storyboard */ = {
			isa = PBXVariantGroup;
			children = (
				96F46AF21D963EDB00E89A70 /* Base */,
			);
			name = Main.storyboard;
			sourceTree = "<group>";
		};
		96F46AF91D963EDC00E89A70 /* LaunchScreen.storyboard */ = {
			isa = PBXVariantGroup;
			children = (
				96F46AFA1D963EDC00E89A70 /* Base */,
			);
			name = LaunchScreen.storyboard;
			sourceTree = "<group>";
		};
/* End PBXVariantGroup section */

/* Begin XCBuildConfiguration section */
		96F46B131D963EDC00E89A70 /* Debug */ = {
			isa = XCBuildConfiguration;
			buildSettings = {
				ALWAYS_SEARCH_USER_PATHS = NO;
				CLANG_ANALYZER_NONNULL = YES;
				CLANG_CXX_LANGUAGE_STANDARD = "gnu++0x";
				CLANG_CXX_LIBRARY = "libc++";
				CLANG_ENABLE_MODULES = YES;
				CLANG_ENABLE_OBJC_ARC = YES;
				CLANG_WARN_BOOL_CONVERSION = YES;
				CLANG_WARN_CONSTANT_CONVERSION = YES;
				CLANG_WARN_DIRECT_OBJC_ISA_USAGE = YES_ERROR;
				CLANG_WARN_EMPTY_BODY = YES;
				CLANG_WARN_ENUM_CONVERSION = YES;
				CLANG_WARN_INT_CONVERSION = YES;
				CLANG_WARN_OBJC_ROOT_CLASS = YES_ERROR;
				CLANG_WARN_UNREACHABLE_CODE = YES;
				CLANG_WARN__DUPLICATE_METHOD_MATCH = YES;
				"CODE_SIGN_IDENTITY[sdk=iphoneos*]" = "iPhone Developer";
				COPY_PHASE_STRIP = NO;
				DEBUG_INFORMATION_FORMAT = dwarf;
				ENABLE_STRICT_OBJC_MSGSEND = YES;
				ENABLE_TESTABILITY = YES;
				GCC_C_LANGUAGE_STANDARD = gnu99;
				GCC_DYNAMIC_NO_PIC = NO;
				GCC_NO_COMMON_BLOCKS = YES;
				GCC_OPTIMIZATION_LEVEL = 0;
				GCC_PREPROCESSOR_DEFINITIONS = (
					"DEBUG=1",
					"$(inherited)",
				);
				GCC_WARN_64_TO_32_BIT_CONVERSION = YES;
				GCC_WARN_ABOUT_RETURN_TYPE = YES_ERROR;
				GCC_WARN_UNDECLARED_SELECTOR = YES;
				GCC_WARN_UNINITIALIZED_AUTOS = YES_AGGRESSIVE;
				GCC_WARN_UNUSED_FUNCTION = YES;
				GCC_WARN_UNUSED_VARIABLE = YES;
				IPHONEOS_DEPLOYMENT_TARGET = 9.3;
				MTL_ENABLE_DEBUG_INFO = YES;
				ONLY_ACTIVE_ARCH = YES;
				SDKROOT = iphoneos;
				SWIFT_OPTIMIZATION_LEVEL = "-Onone";
				TARGETED_DEVICE_FAMILY = "1,2";
			};
			name = Debug;
		};
		96F46B141D963EDC00E89A70 /* Release */ = {
			isa = XCBuildConfiguration;
			buildSettings = {
				ALWAYS_SEARCH_USER_PATHS = NO;
				CLANG_ANALYZER_NONNULL = YES;
				CLANG_CXX_LANGUAGE_STANDARD = "gnu++0x";
				CLANG_CXX_LIBRARY = "libc++";
				CLANG_ENABLE_MODULES = YES;
				CLANG_ENABLE_OBJC_ARC = YES;
				CLANG_WARN_BOOL_CONVERSION = YES;
				CLANG_WARN_CONSTANT_CONVERSION = YES;
				CLANG_WARN_DIRECT_OBJC_ISA_USAGE = YES_ERROR;
				CLANG_WARN_EMPTY_BODY = YES;
				CLANG_WARN_ENUM_CONVERSION = YES;
				CLANG_WARN_INT_CONVERSION = YES;
				CLANG_WARN_OBJC_ROOT_CLASS = YES_ERROR;
				CLANG_WARN_UNREACHABLE_CODE = YES;
				CLANG_WARN__DUPLICATE_METHOD_MATCH = YES;
				"CODE_SIGN_IDENTITY[sdk=iphoneos*]" = "iPhone Developer";
				COPY_PHASE_STRIP = NO;
				DEBUG_INFORMATION_FORMAT = "dwarf-with-dsym";
				ENABLE_NS_ASSERTIONS = NO;
				ENABLE_STRICT_OBJC_MSGSEND = YES;
				GCC_C_LANGUAGE_STANDARD = gnu99;
				GCC_NO_COMMON_BLOCKS = YES;
				GCC_WARN_64_TO_32_BIT_CONVERSION = YES;
				GCC_WARN_ABOUT_RETURN_TYPE = YES_ERROR;
				GCC_WARN_UNDECLARED_SELECTOR = YES;
				GCC_WARN_UNINITIALIZED_AUTOS = YES_AGGRESSIVE;
				GCC_WARN_UNUSED_FUNCTION = YES;
				GCC_WARN_UNUSED_VARIABLE = YES;
				IPHONEOS_DEPLOYMENT_TARGET = 9.3;
				MTL_ENABLE_DEBUG_INFO = NO;
				SDKROOT = iphoneos;
				TARGETED_DEVICE_FAMILY = "1,2";
				VALIDATE_PRODUCT = YES;
			};
			name = Release;
		};
		96F46B161D963EDC00E89A70 /* Debug */ = {
			isa = XCBuildConfiguration;
			buildSettings = {
				ASSETCATALOG_COMPILER_APPICON_NAME = AppIcon;
				INFOPLIST_FILE = HealthRU/Info.plist;
				LD_RUNPATH_SEARCH_PATHS = "$(inherited) @executable_path/Frameworks";
				PRODUCT_BUNDLE_IDENTIFIER = com.app.HealthRU;
				PRODUCT_NAME = "$(TARGET_NAME)";
			};
			name = Debug;
		};
		96F46B171D963EDC00E89A70 /* Release */ = {
			isa = XCBuildConfiguration;
			buildSettings = {
				ASSETCATALOG_COMPILER_APPICON_NAME = AppIcon;
				INFOPLIST_FILE = HealthRU/Info.plist;
				LD_RUNPATH_SEARCH_PATHS = "$(inherited) @executable_path/Frameworks";
				PRODUCT_BUNDLE_IDENTIFIER = com.app.HealthRU;
				PRODUCT_NAME = "$(TARGET_NAME)";
			};
			name = Release;
		};
		96F46B191D963EDC00E89A70 /* Debug */ = {
			isa = XCBuildConfiguration;
			buildSettings = {
				BUNDLE_LOADER = "$(TEST_HOST)";
				INFOPLIST_FILE = HealthRUTests/Info.plist;
				LD_RUNPATH_SEARCH_PATHS = "$(inherited) @executable_path/Frameworks @loader_path/Frameworks";
				PRODUCT_BUNDLE_IDENTIFIER = com.app.HealthRUTests;
				PRODUCT_NAME = "$(TARGET_NAME)";
				TEST_HOST = "$(BUILT_PRODUCTS_DIR)/HealthRU.app/HealthRU";
			};
			name = Debug;
		};
		96F46B1A1D963EDC00E89A70 /* Release */ = {
			isa = XCBuildConfiguration;
			buildSettings = {
				BUNDLE_LOADER = "$(TEST_HOST)";
				INFOPLIST_FILE = HealthRUTests/Info.plist;
				LD_RUNPATH_SEARCH_PATHS = "$(inherited) @executable_path/Frameworks @loader_path/Frameworks";
				PRODUCT_BUNDLE_IDENTIFIER = com.app.HealthRUTests;
				PRODUCT_NAME = "$(TARGET_NAME)";
				TEST_HOST = "$(BUILT_PRODUCTS_DIR)/HealthRU.app/HealthRU";
			};
			name = Release;
		};
		96F46B1C1D963EDC00E89A70 /* Debug */ = {
			isa = XCBuildConfiguration;
			buildSettings = {
				INFOPLIST_FILE = HealthRUUITests/Info.plist;
				LD_RUNPATH_SEARCH_PATHS = "$(inherited) @executable_path/Frameworks @loader_path/Frameworks";
				PRODUCT_BUNDLE_IDENTIFIER = com.app.HealthRUUITests;
				PRODUCT_NAME = "$(TARGET_NAME)";
				TEST_TARGET_NAME = HealthRU;
			};
			name = Debug;
		};
		96F46B1D1D963EDC00E89A70 /* Release */ = {
			isa = XCBuildConfiguration;
			buildSettings = {
				INFOPLIST_FILE = HealthRUUITests/Info.plist;
				LD_RUNPATH_SEARCH_PATHS = "$(inherited) @executable_path/Frameworks @loader_path/Frameworks";
				PRODUCT_BUNDLE_IDENTIFIER = com.app.HealthRUUITests;
				PRODUCT_NAME = "$(TARGET_NAME)";
				TEST_TARGET_NAME = HealthRU;
			};
			name = Release;
		};
/* End XCBuildConfiguration section */

/* Begin XCConfigurationList section */
		96F46AE51D963EDB00E89A70 /* Build configuration list for PBXProject "HealthRU" */ = {
			isa = XCConfigurationList;
			buildConfigurations = (
				96F46B131D963EDC00E89A70 /* Debug */,
				96F46B141D963EDC00E89A70 /* Release */,
			);
			defaultConfigurationIsVisible = 0;
			defaultConfigurationName = Release;
		};
		96F46B151D963EDC00E89A70 /* Build configuration list for PBXNativeTarget "HealthRU" */ = {
			isa = XCConfigurationList;
			buildConfigurations = (
				96F46B161D963EDC00E89A70 /* Debug */,
				96F46B171D963EDC00E89A70 /* Release */,
			);
			defaultConfigurationIsVisible = 0;
		};
		96F46B181D963EDC00E89A70 /* Build configuration list for PBXNativeTarget "HealthRUTests" */ = {
			isa = XCConfigurationList;
			buildConfigurations = (
				96F46B191D963EDC00E89A70 /* Debug */,
				96F46B1A1D963EDC00E89A70 /* Release */,
			);
			defaultConfigurationIsVisible = 0;
		};
		96F46B1B1D963EDC00E89A70 /* Build configuration list for PBXNativeTarget "HealthRUUITests" */ = {
			isa = XCConfigurationList;
			buildConfigurations = (
				96F46B1C1D963EDC00E89A70 /* Debug */,
				96F46B1D1D963EDC00E89A70 /* Release */,
			);
			defaultConfigurationIsVisible = 0;
		};
/* End XCConfigurationList section */

/* Begin XCVersionGroup section */
		96F46AF41D963EDB00E89A70 /* HealthRU.xcdatamodeld */ = {
			isa = XCVersionGroup;
			children = (
				96F46AF51D963EDB00E89A70 /* HealthRU.xcdatamodel */,
			);
			currentVersion = 96F46AF51D963EDB00E89A70 /* HealthRU.xcdatamodel */;
			path = HealthRU.xcdatamodeld;
			sourceTree = "<group>";
			versionGroupType = wrapper.xcdatamodel;
		};
/* End XCVersionGroup section */
	};
	rootObject = 96F46AE21D963EDB00E89A70 /* Project object */;
}
